
Microsoft Visual Studio Solution File, Format Version 12.00
# Visual Studio Version 17
VisualStudioVersion = 17.2.32519.379
MinimumVisualStudioVersion = 10.0.40219.1
Project("{FAE04EC0-301F-11D3-BF4B-00C04F79EFBC}") = "ASBPWebApp", "ASBPWebApp\ASBPWebApp.csproj", "{D59DBA3D-4DB1-46C2-BE9B-F2646C25ECD3}"
EndProject
Global
	GlobalSection(SolutionConfigurationPlatforms) = preSolution
		Debug|Any CPU = Debug|Any CPU
		Release|Any CPU = Release|Any CPU
	EndGlobalSection
	GlobalSection(ProjectConfigurationPlatforms) = postSolution
		{D59DBA3D-4DB1-46C2-BE9B-F2646C25ECD3}.Debug|Any CPU.ActiveCfg = Debug|Any CPU
		{D59DBA3D-4DB1-46C2-BE9B-F2646C25ECD3}.Debug|Any CPU.Build.0 = Debug|Any CPU
		{D59DBA3D-4DB1-46C2-BE9B-F2646C25ECD3}.Release|Any CPU.ActiveCfg = Release|Any CPU
		{D59DBA3D-4DB1-46C2-BE9B-F2646C25ECD3}.Release|Any CPU.Build.0 = Release|Any CPU
	EndGlobalSection
	GlobalSection(SolutionProperties) = preSolution
		HideSolutionNode = FALSE
	EndGlobalSection
	GlobalSection(ExtensibilityGlobals) = postSolution
		SolutionGuid = {75D1BC45-5624-4663-B5BD-6C59B65E9F91}
	EndGlobalSection
EndGlobal
